
Microsoft Visual Studio Solution File, Format Version 12.00
# Visual Studio Version 16
VisualStudioVersion = 16.0.29509.3
MinimumVisualStudioVersion = 10.0.40219.1
Project("{FAE04EC0-301F-11D3-BF4B-00C04F79EFBC}") = "Lab_Work4", "Lab_Work4.csproj", "{7BD47FC0-4BE2-4E60-BC84-40DBCB72740B}"
EndProject
Global
	GlobalSection(SolutionConfigurationPlatforms) = preSolution
		Debug|Any CPU = Debug|Any CPU
		Release|Any CPU = Release|Any CPU
	EndGlobalSection
	GlobalSection(ProjectConfigurationPlatforms) = postSolution
		{7BD47FC0-4BE2-4E60-BC84-40DBCB72740B}.Debug|Any CPU.ActiveCfg = Debug|Any CPU
		{7BD47FC0-4BE2-4E60-BC84-40DBCB72740B}.Debug|Any CPU.Build.0 = Debug|Any CPU
		{7BD47FC0-4BE2-4E60-BC84-40DBCB72740B}.Release|Any CPU.ActiveCfg = Release|Any CPU
		{7BD47FC0-4BE2-4E60-BC84-40DBCB72740B}.Release|Any CPU.Build.0 = Release|Any CPU
	EndGlobalSection
	GlobalSection(SolutionProperties) = preSolution
		HideSolutionNode = FALSE
	EndGlobalSection
	GlobalSection(ExtensibilityGlobals) = postSolution
		SolutionGuid = {02565C58-65E6-4CE7-AE28-C58EEC216BAA}
	EndGlobalSection
EndGlobal
