
Microsoft Visual Studio Solution File, Format Version 12.00
# Visual Studio Version 16
VisualStudioVersion = 16.0.29509.3
MinimumVisualStudioVersion = 10.0.40219.1
Project("{FAE04EC0-301F-11D3-BF4B-00C04F79EFBC}") = "Lab_1", "Lab_1.csproj", "{6BBA9985-B00B-4BB5-8A5D-9CAFA8886B35}"
EndProject
Global
	GlobalSection(SolutionConfigurationPlatforms) = preSolution
		Debug|Any CPU = Debug|Any CPU
		Release|Any CPU = Release|Any CPU
	EndGlobalSection
	GlobalSection(ProjectConfigurationPlatforms) = postSolution
		{6BBA9985-B00B-4BB5-8A5D-9CAFA8886B35}.Debug|Any CPU.ActiveCfg = Debug|Any CPU
		{6BBA9985-B00B-4BB5-8A5D-9CAFA8886B35}.Debug|Any CPU.Build.0 = Debug|Any CPU
		{6BBA9985-B00B-4BB5-8A5D-9CAFA8886B35}.Release|Any CPU.ActiveCfg = Release|Any CPU
		{6BBA9985-B00B-4BB5-8A5D-9CAFA8886B35}.Release|Any CPU.Build.0 = Release|Any CPU
	EndGlobalSection
	GlobalSection(SolutionProperties) = preSolution
		HideSolutionNode = FALSE
	EndGlobalSection
	GlobalSection(ExtensibilityGlobals) = postSolution
		SolutionGuid = {123B391B-D52F-4F01-AB5F-D85695F3E307}
	EndGlobalSection
EndGlobal
